Microsoft Visual Studio Solution File, Format Version 7.00
Project("{FAE04EC0-301F-11D3-BF4B-00C04F79EFBC}") = "MagicLibrary", "MagicLibrary\MagicLibrary.csproj", "{92F94EA0-9910-4895-B8A1-FED1543A9DA1}"
EndProject
Global
	GlobalSection(SolutionConfiguration) = preSolution
		ConfigName.0 = Debug
		ConfigName.1 = Release
		Description = The User Interface Library for .NET
	EndGlobalSection
	GlobalSection(ProjectDependencies) = postSolution
	EndGlobalSection
	GlobalSection(ProjectConfiguration) = postSolution
		{92F94EA0-9910-4895-B8A1-FED1543A9DA1}.Debug.ActiveCfg = Debug|.NET
		{92F94EA0-9910-4895-B8A1-FED1543A9DA1}.Debug.Build.0 = Debug|.NET
		{92F94EA0-9910-4895-B8A1-FED1543A9DA1}.Release.ActiveCfg = Release|.NET
		{92F94EA0-9910-4895-B8A1-FED1543A9DA1}.Release.Build.0 = Release|.NET
	EndGlobalSection
	GlobalSection(ExtensibilityGlobals) = postSolution
	EndGlobalSection
	GlobalSection(ExtensibilityAddIns) = postSolution
	EndGlobalSection
EndGlobal
